// !$*UTF8*$!
{
	archiveVersion = 1;
	classes = {
	};
	objectVersion = 46;
	objects = {
/* Begin PBXBuildFile section */
		0FDBC0561D364FBA93480385 /* AVFoundation.framework in Frameworks */ = {isa = PBXBuildFile; fileRef = D105150E9C124CF5A0D467B4 /* AVFoundation.framework */; };
		10AC0D93080342A4BB5639DA /* ImageIO.framework in Frameworks */ = {isa = PBXBuildFile; fileRef = 001243EA766F4CD391EFC1DA /* ImageIO.framework */; settings = {ATTRIBUTES = (Weak, ); }; };
		1B839025CE664C198F4EAE0A /* CDVJpegHeaderWriter.m in Sources */ = {isa = PBXBuildFile; fileRef = BEE6874E06EF4E769875CFE7 /* CDVJpegHeaderWriter.m */; };
		1BAB009FDB964516BA632A8A /* UIImage+CropScaleOrientation.m in Sources */ = {isa = PBXBuildFile; fileRef = 3139C8FA5B0B4BD4A5917784 /* UIImage+CropScaleOrientation.m */; };
		1D3623260D0F684500981E51 /* AppDelegate.m in Sources */ = {isa = PBXBuildFile; fileRef = 1D3623250D0F684500981E51 /* AppDelegate.m */; };
		1D60589B0D05DD56006BFB54 /* main.m in Sources */ = {isa = PBXBuildFile; fileRef = 29B97316FDCFA39411CA2CEA /* main.m */; };
		301BF552109A68D80062928A /* libCordova.a in Frameworks */ = {isa = PBXBuildFile; fileRef = 301BF535109A57CC0062928A /* libCordova.a */; };
		302D95F114D2391D003F00A1 /* MainViewController.m in Sources */ = {isa = PBXBuildFile; fileRef = 302D95EF14D2391D003F00A1 /* MainViewController.m */; };
		302D95F214D2391D003F00A1 /* MainViewController.xib in Resources */ = {isa = PBXBuildFile; fileRef = 302D95F014D2391D003F00A1 /* MainViewController.xib */; };
		37A27830023D420D8451643F /* CDVCamera.m in Sources */ = {isa = PBXBuildFile; fileRef = 9046FBAFDCCA469FB89FB008 /* CDVCamera.m */; };
		52B34FC22080D68600282A65 /* PgyUpdate.framework in Frameworks */ = {isa = PBXBuildFile; fileRef = 52B34FC02080D68400282A65 /* PgyUpdate.framework */; };
		52B34FC32080D68600282A65 /* PgySDK.framework in Frameworks */ = {isa = PBXBuildFile; fileRef = 52B34FC12080D68600282A65 /* PgySDK.framework */; };
		52B34FC52080D74900282A65 /* Images.xcassets in Resources */ = {isa = PBXBuildFile; fileRef = 52B34FC42080D74900282A65 /* Images.xcassets */; };
		6AFF5BF91D6E424B00AB3073 /* CDVLaunchScreen.storyboard in Resources */ = {isa = PBXBuildFile; fileRef = 6AFF5BF81D6E424B00AB3073 /* CDVLaunchScreen.storyboard */; };
		7A09D8C38DF24A18979DB64E /* CDVSplashScreen.m in Sources */ = {isa = PBXBuildFile; fileRef = 5876B53E5FA847B781B8BE5A /* CDVSplashScreen.m */; };
		98FA497793DF46ABA663C899 /* CDVViewController+SplashScreen.m in Sources */ = {isa = PBXBuildFile; fileRef = F55076FC481C4B849CF4E94D /* CDVViewController+SplashScreen.m */; };
		A109E641A01141FA8E9BCC79 /* CoreLocation.framework in Frameworks */ = {isa = PBXBuildFile; fileRef = 8AF8D21880C14B6D861B0BA8 /* CoreLocation.framework */; };
		DFDC585FCB204C0190E71400 /* QRScanner.swift in Sources */ = {isa = PBXBuildFile; fileRef = 304744ABE4DD43C39601376F /* QRScanner.swift */; };
		69068ADD166C4453BDFF75F2 /* CDVAMap4Yxt.m in Sources */ = {isa = PBXBuildFile; fileRef = 9218E4CD57CD42119F4A102A /* CDVAMap4Yxt.m */; };
		5F381E8A1661456A8CA73539 /* MAMutablePolylineRenderer.m in Sources */ = {isa = PBXBuildFile; fileRef = 65AB36013F1B468CBAF7EC86 /* MAMutablePolylineRenderer.m */; };
		7B446CA253F94E6AAD1B19D8 /* MAMutablePolyline.m in Sources */ = {isa = PBXBuildFile; fileRef = E55E9679075247849FA0CF8F /* MAMutablePolyline.m */; };
		54214000A55A4C26AAF7A878 /* SBGMapHeaderView.m in Sources */ = {isa = PBXBuildFile; fileRef = 7BB5D635DA6E48B89851C438 /* SBGMapHeaderView.m */; };
		A8FF67D2E9C942EFBA12A200 /* AMap.bundle in Resources */ = {isa = PBXBuildFile; fileRef = 2A6BFF5F0CD3454D8F0A7B94 /* AMap.bundle */; };
		993322469AAD42958F2DCBFC /* AMapLocationKit.framework in Frameworks */ = {isa = PBXBuildFile; fileRef = 271BB80025E440DE9F82530F /* AMapLocationKit.framework */; };
		FF5DE941F09041B9B0D05D4F /* AMapFoundationKit.framework in Frameworks */ = {isa = PBXBuildFile; fileRef = D81E103E472C4C4CA34FDD97 /* AMapFoundationKit.framework */; };
		B3A4CE4BBE604E62959D1356 /* MAMapKit.framework in Frameworks */ = {isa = PBXBuildFile; fileRef = C4315B37580145308C280D26 /* MAMapKit.framework */; };
		4CB9CC0D7F2941638E829C03 /* UIKit.framework in Frameworks */ = {isa = PBXBuildFile; fileRef = 5B97CC0AD87C482591C9FB3B /* UIKit.framework */; };
		E71B49D5E81949DDB2467368 /* Foundation.framework in Frameworks */ = {isa = PBXBuildFile; fileRef = 1A87DDDFF36B4F458FD8031F /* Foundation.framework */; };
		FA2743B357EB4967A4C4B2F1 /* QuartzCore.framework in Frameworks */ = {isa = PBXBuildFile; fileRef = 9F99DCD8B2BA4E0EA4D75783 /* QuartzCore.framework */; };
		2784DFFADF03412C9754554E /* Security.framework in Frameworks */ = {isa = PBXBuildFile; fileRef = 55D9682740374D8E9DDF1646 /* Security.framework */; };
		1BFEC7A7115849BE82EB89DB /* CoreTelephony.framework in Frameworks */ = {isa = PBXBuildFile; fileRef = B149D3CA989E46BA806AD1B8 /* CoreTelephony.framework */; };
		BDB6B383B2B44B35836DC5B8 /* SystemConfiguration.framework in Frameworks */ = {isa = PBXBuildFile; fileRef = A3FA6052C2E24D068CFC47C3 /* SystemConfiguration.framework */; };
		49DB8EBB9F6E48248CEF7633 /* OpenGLES.framework in Frameworks */ = {isa = PBXBuildFile; fileRef = FA199B39D46E4AE8BCFAD5CE /* OpenGLES.framework */; };
		25AB994E2B95414E9D1898CA /* AdSupport.framework in Frameworks */ = {isa = PBXBuildFile; fileRef = 31F19571B71F48FEB34EC968 /* AdSupport.framework */; };
		28253E7CA43444929868E4F5 /* JavaScriptCore.framework in Frameworks */ = {isa = PBXBuildFile; fileRef = D06BFBE1AB45465FBFD900AE /* JavaScriptCore.framework */; };
		29E6BB1E795A419981FFC09C /* GLKit.framework in Frameworks */ = {isa = PBXBuildFile; fileRef = 5DC6E72AB24A428CBA17E2AF /* GLKit.framework */; };
		13E42F80BE814DC9B5624E31 /* libstdc++.6.0.9.tbd in Frameworks */ = {isa = PBXBuildFile; fileRef = 45DBCD7A5E9440F188E05F43 /* libstdc++.6.0.9.tbd */; };
		FB110E7CF06E4680B385187E /* libc++.tbd in Frameworks */ = {isa = PBXBuildFile; fileRef = AE07A90CEB4D4CB6B83A2232 /* libc++.tbd */; };
		C122DF2BE4FC41D88D8B37C5 /* libz.tbd in Frameworks */ = {isa = PBXBuildFile; fileRef = 51F4DDC61AE84049BEF68DD8 /* libz.tbd */; };
/* End PBXBuildFile section */

/* Begin PBXContainerItemProxy section */
		301BF534109A57CC0062928A /* PBXContainerItemProxy */ = {
			isa = PBXContainerItemProxy;
			containerPortal = 301BF52D109A57CC0062928A /* CordovaLib/CordovaLib.xcodeproj */;
			proxyType = 2;
			remoteGlobalIDString = D2AAC07E0554694100DB518D;
			remoteInfo = CordovaLib;
		};
		301BF550109A68C00062928A /* PBXContainerItemProxy */ = {
			isa = PBXContainerItemProxy;
			containerPortal = 301BF52D109A57CC0062928A /* CordovaLib/CordovaLib.xcodeproj */;
			proxyType = 1;
			remoteGlobalIDString = D2AAC07D0554694100DB518D;
			remoteInfo = CordovaLib;
		};
		52B34FBE2080D65A00282A65 /* PBXContainerItemProxy */ = {
			isa = PBXContainerItemProxy;
			containerPortal = 301BF52D109A57CC0062928A /* CordovaLib/CordovaLib.xcodeproj */;
			proxyType = 2;
			remoteGlobalIDString = C0C01EB21E3911D50056E6CB;
			remoteInfo = Cordova;
		};
/* End PBXContainerItemProxy section */

/* Begin PBXFileReference section */
		001243EA766F4CD391EFC1DA /* ImageIO.framework */ = {isa = PBXFileReference; explicitFileType = undefined; fileEncoding = 9; includeInIndex = 0; lastKnownFileType = wrapper.framework; name = ImageIO.framework; path = System/Library/Frameworks/ImageIO.framework; sourceTree = SDKROOT; };
		07DA50D9AF904A05A9D05C0E /* CDVCamera.h */ = {isa = PBXFileReference; explicitFileType = undefined; fileEncoding = 4; includeInIndex = 0; lastKnownFileType = sourcecode.c.h; name = CDVCamera.h; path = "cordova-plugin-camera/CDVCamera.h"; sourceTree = "<group>"; };
		1BDA789248CD4883855588E0 /* UIImage+CropScaleOrientation.h */ = {isa = PBXFileReference; explicitFileType = undefined; fileEncoding = 4; includeInIndex = 0; lastKnownFileType = sourcecode.c.h; name = "UIImage+CropScaleOrientation.h"; path = "cordova-plugin-camera/UIImage+CropScaleOrientation.h"; sourceTree = "<group>"; };
		1D3623240D0F684500981E51 /* AppDelegate.h */ = {isa = PBXFileReference; fileEncoding = 4; lastKnownFileType = sourcecode.c.h; path = AppDelegate.h; sourceTree = "<group>"; };
		1D3623250D0F684500981E51 /* AppDelegate.m */ = {isa = PBXFileReference; fileEncoding = 4; lastKnownFileType = sourcecode.c.objc; path = AppDelegate.m; sourceTree = "<group>"; };
		1D6058910D05DD3D006BFB54 /* E园林.app */ = {isa = PBXFileReference; explicitFileType = wrapper.application; includeInIndex = 0; path = "E园林.app"; sourceTree = BUILT_PRODUCTS_DIR; };
		29B97316FDCFA39411CA2CEA /* main.m */ = {isa = PBXFileReference; fileEncoding = 4; lastKnownFileType = sourcecode.c.objc; path = main.m; sourceTree = "<group>"; };
		301BF52D109A57CC0062928A /* CordovaLib/CordovaLib.xcodeproj */ = {isa = PBXFileReference; lastKnownFileType = "wrapper.pb-project"; path = CordovaLib/CordovaLib.xcodeproj; sourceTree = "<group>"; };
		301BF56E109A69640062928A /* www */ = {isa = PBXFileReference; lastKnownFileType = folder; path = www; sourceTree = SOURCE_ROOT; };
		302D95EE14D2391D003F00A1 /* MainViewController.h */ = {isa = PBXFileReference; fileEncoding = 4; lastKnownFileType = sourcecode.c.h; path = MainViewController.h; sourceTree = "<group>"; };
		302D95EF14D2391D003F00A1 /* MainViewController.m */ = {isa = PBXFileReference; fileEncoding = 4; lastKnownFileType = sourcecode.c.objc; path = MainViewController.m; sourceTree = "<group>"; };
		302D95F014D2391D003F00A1 /* MainViewController.xib */ = {isa = PBXFileReference; fileEncoding = 4; lastKnownFileType = file.xib; path = MainViewController.xib; sourceTree = "<group>"; };
		304744ABE4DD43C39601376F /* QRScanner.swift */ = {isa = PBXFileReference; explicitFileType = undefined; fileEncoding = 4; includeInIndex = 0; lastKnownFileType = sourcecode.swift; name = QRScanner.swift; path = "cordova-plugin-qrscanner/QRScanner.swift"; sourceTree = "<group>"; };
		3047A50F1AB8059700498E2A /* build-debug.xcconfig */ = {isa = PBXFileReference; fileEncoding = 4; lastKnownFileType = text.xcconfig; name = "build-debug.xcconfig"; path = "cordova/build-debug.xcconfig"; sourceTree = SOURCE_ROOT; };
		3047A5101AB8059700498E2A /* build-release.xcconfig */ = {isa = PBXFileReference; fileEncoding = 4; lastKnownFileType = text.xcconfig; name = "build-release.xcconfig"; path = "cordova/build-release.xcconfig"; sourceTree = SOURCE_ROOT; };
		3047A5111AB8059700498E2A /* build.xcconfig */ = {isa = PBXFileReference; fileEncoding = 4; lastKnownFileType = text.xcconfig; name = build.xcconfig; path = cordova/build.xcconfig; sourceTree = SOURCE_ROOT; };
		3139C8FA5B0B4BD4A5917784 /* UIImage+CropScaleOrientation.m */ = {isa = PBXFileReference; explicitFileType = undefined; fileEncoding = 4; includeInIndex = 0; lastKnownFileType = sourcecode.c.objc; name = "UIImage+CropScaleOrientation.m"; path = "cordova-plugin-camera/UIImage+CropScaleOrientation.m"; sourceTree = "<group>"; };
		32CA4F630368D1EE00C91783 /* E园林-Prefix.pch */ = {isa = PBXFileReference; fileEncoding = 4; lastKnownFileType = sourcecode.c.h; path = "E园林-Prefix.pch"; sourceTree = "<group>"; };
		52B34FC02080D68400282A65 /* PgyUpdate.framework */ = {isa = PBXFileReference; lastKnownFileType = wrapper.framework; path = PgyUpdate.framework; sourceTree = "<group>"; };
		52B34FC12080D68600282A65 /* PgySDK.framework */ = {isa = PBXFileReference; lastKnownFileType = wrapper.framework; path = PgySDK.framework; sourceTree = "<group>"; };
		52B34FC42080D74900282A65 /* Images.xcassets */ = {isa = PBXFileReference; lastKnownFileType = folder.assetcatalog; path = Images.xcassets; sourceTree = "<group>"; };
		5876B53E5FA847B781B8BE5A /* CDVSplashScreen.m */ = {isa = PBXFileReference; explicitFileType = undefined; fileEncoding = 4; includeInIndex = 0; lastKnownFileType = sourcecode.c.objc; name = CDVSplashScreen.m; path = "cordova-plugin-splashscreen/CDVSplashScreen.m"; sourceTree = "<group>"; };
		59BD9137AD1347CF9FC09A81 /* CDVViewController+SplashScreen.h */ = {isa = PBXFileReference; explicitFileType = undefined; fileEncoding = 4; includeInIndex = 0; lastKnownFileType = sourcecode.c.h; name = "CDVViewController+SplashScreen.h"; path = "cordova-plugin-splashscreen/CDVViewController+SplashScreen.h"; sourceTree = "<group>"; };
		6AFF5BF81D6E424B00AB3073 /* CDVLaunchScreen.storyboard */ = {isa = PBXFileReference; fileEncoding = 4; lastKnownFileType = file.storyboard; name = CDVLaunchScreen.storyboard; path = "E园林/CDVLaunchScreen.storyboard"; sourceTree = SOURCE_ROOT; };
		8AF8D21880C14B6D861B0BA8 /* CoreLocation.framework */ = {isa = PBXFileReference; explicitFileType = undefined; fileEncoding = 9; includeInIndex = 0; lastKnownFileType = wrapper.framework; name = CoreLocation.framework; path = System/Library/Frameworks/CoreLocation.framework; sourceTree = SDKROOT; };
		8D1107310486CEB800E47090 /* E园林-Info.plist */ = {isa = PBXFileReference; fileEncoding = 4; lastKnownFileType = text.plist.xml; name = "E园林-Info.plist"; path = "E园林/E园林-Info.plist"; plistStructureDefinitionIdentifier = "com.apple.xcode.plist.structure-definition.iphone.info-plist"; sourceTree = SOURCE_ROOT; };
		9046FBAFDCCA469FB89FB008 /* CDVCamera.m */ = {isa = PBXFileReference; explicitFileType = undefined; fileEncoding = 4; includeInIndex = 0; lastKnownFileType = sourcecode.c.objc; name = CDVCamera.m; path = "cordova-plugin-camera/CDVCamera.m"; sourceTree = "<group>"; };
		BEE6874E06EF4E769875CFE7 /* CDVJpegHeaderWriter.m */ = {isa = PBXFileReference; explicitFileType = undefined; fileEncoding = 4; includeInIndex = 0; lastKnownFileType = sourcecode.c.objc; name = CDVJpegHeaderWriter.m; path = "cordova-plugin-camera/CDVJpegHeaderWriter.m"; sourceTree = "<group>"; };
		C516D69295054E7D94A3A179 /* CDVJpegHeaderWriter.h */ = {isa = PBXFileReference; explicitFileType = undefined; fileEncoding = 4; includeInIndex = 0; lastKnownFileType = sourcecode.c.h; name = CDVJpegHeaderWriter.h; path = "cordova-plugin-camera/CDVJpegHeaderWriter.h"; sourceTree = "<group>"; };
		D105150E9C124CF5A0D467B4 /* AVFoundation.framework */ = {isa = PBXFileReference; explicitFileType = undefined; fileEncoding = 9; includeInIndex = 0; lastKnownFileType = wrapper.framework; name = AVFoundation.framework; path = System/Library/Frameworks/AVFoundation.framework; sourceTree = SDKROOT; };
		D3622F1B8983446A9472528E /* CDVSplashScreen.h */ = {isa = PBXFileReference; explicitFileType = undefined; fileEncoding = 4; includeInIndex = 0; lastKnownFileType = sourcecode.c.h; name = CDVSplashScreen.h; path = "cordova-plugin-splashscreen/CDVSplashScreen.h"; sourceTree = "<group>"; };
		DC422CDE08E24B1283858FA8 /* CDVExif.h */ = {isa = PBXFileReference; explicitFileType = undefined; fileEncoding = 4; includeInIndex = 0; lastKnownFileType = sourcecode.c.h; name = CDVExif.h; path = "cordova-plugin-camera/CDVExif.h"; sourceTree = "<group>"; };
		EB87FDF31871DA8E0020F90C /* www */ = {isa = PBXFileReference; lastKnownFileType = folder; name = www; path = ../../www; sourceTree = "<group>"; };
		EB87FDF41871DAF40020F90C /* config.xml */ = {isa = PBXFileReference; lastKnownFileType = text.xml; name = config.xml; path = ../../config.xml; sourceTree = "<group>"; };
		ED33DF2A687741AEAF9F8254 /* Bridging-Header.h */ = {isa = PBXFileReference; fileEncoding = 4; lastKnownFileType = sourcecode.c.h; path = "Bridging-Header.h"; sourceTree = "<group>"; };
		F55076FC481C4B849CF4E94D /* CDVViewController+SplashScreen.m */ = {isa = PBXFileReference; explicitFileType = undefined; fileEncoding = 4; includeInIndex = 0; lastKnownFileType = sourcecode.c.objc; name = "CDVViewController+SplashScreen.m"; path = "cordova-plugin-splashscreen/CDVViewController+SplashScreen.m"; sourceTree = "<group>"; };
		F840E1F0165FE0F500CFE078 /* config.xml */ = {isa = PBXFileReference; lastKnownFileType = text.xml; name = config.xml; path = "E园林/config.xml"; sourceTree = "<group>"; };
		9218E4CD57CD42119F4A102A /* CDVAMap4Yxt.m */ = {isa = PBXFileReference; name = "CDVAMap4Yxt.m"; path = "cordova-plugin-amap/CDVAMap4Yxt.m"; sourceTree = "<group>"; fileEncoding = 4; lastKnownFileType = sourcecode.c.objc; explicitFileType = undefined; includeInIndex = 0; };
		65AB36013F1B468CBAF7EC86 /* MAMutablePolylineRenderer.m */ = {isa = PBXFileReference; name = "MAMutablePolylineRenderer.m"; path = "cordova-plugin-amap/MAMutablePolylineRenderer.m"; sourceTree = "<group>"; fileEncoding = 4; lastKnownFileType = sourcecode.c.objc; explicitFileType = undefined; includeInIndex = 0; };
		E55E9679075247849FA0CF8F /* MAMutablePolyline.m */ = {isa = PBXFileReference; name = "MAMutablePolyline.m"; path = "cordova-plugin-amap/MAMutablePolyline.m"; sourceTree = "<group>"; fileEncoding = 4; lastKnownFileType = sourcecode.c.objc; explicitFileType = undefined; includeInIndex = 0; };
		7BB5D635DA6E48B89851C438 /* SBGMapHeaderView.m */ = {isa = PBXFileReference; name = "SBGMapHeaderView.m"; path = "cordova-plugin-amap/SBGMapHeaderView.m"; sourceTree = "<group>"; fileEncoding = 4; lastKnownFileType = sourcecode.c.objc; explicitFileType = undefined; includeInIndex = 0; };
		9D72DB96BF4B48CB8A16D7AF /* CDVAMap4Yxt.h */ = {isa = PBXFileReference; name = "CDVAMap4Yxt.h"; path = "cordova-plugin-amap/CDVAMap4Yxt.h"; sourceTree = "<group>"; fileEncoding = 4; lastKnownFileType = sourcecode.c.h; explicitFileType = undefined; includeInIndex = 0; };
		3BBCE8C1E18548A6934A3A54 /* MAMutablePolylineRenderer.h */ = {isa = PBXFileReference; name = "MAMutablePolylineRenderer.h"; path = "cordova-plugin-amap/MAMutablePolylineRenderer.h"; sourceTree = "<group>"; fileEncoding = 4; lastKnownFileType = sourcecode.c.h; explicitFileType = undefined; includeInIndex = 0; };
		FF21EB3050784B1EAF7EF688 /* MAMutablePolyline.h */ = {isa = PBXFileReference; name = "MAMutablePolyline.h"; path = "cordova-plugin-amap/MAMutablePolyline.h"; sourceTree = "<group>"; fileEncoding = 4; lastKnownFileType = sourcecode.c.h; explicitFileType = undefined; includeInIndex = 0; };
		DE93CA509E21416DACC483D7 /* SBGMapHeaderView.h */ = {isa = PBXFileReference; name = "SBGMapHeaderView.h"; path = "cordova-plugin-amap/SBGMapHeaderView.h"; sourceTree = "<group>"; fileEncoding = 4; lastKnownFileType = sourcecode.c.h; explicitFileType = undefined; includeInIndex = 0; };
		2A6BFF5F0CD3454D8F0A7B94 /* AMap.bundle */ = {isa = PBXFileReference; name = "AMap.bundle"; path = "AMap.bundle"; sourceTree = "<group>"; fileEncoding = undefined; lastKnownFileType = wrapper.plug-in; explicitFileType = undefined; includeInIndex = 0; };
		271BB80025E440DE9F82530F /* AMapLocationKit.framework */ = {isa = PBXFileReference; name = "AMapLocationKit.framework"; path = "E园林/Plugins/cordova-plugin-amap/AMapLocationKit.framework"; sourceTree = "<group>"; fileEncoding = undefined; lastKnownFileType = wrapper.framework; explicitFileType = undefined; includeInIndex = 0; };
		D81E103E472C4C4CA34FDD97 /* AMapFoundationKit.framework */ = {isa = PBXFileReference; name = "AMapFoundationKit.framework"; path = "E园林/Plugins/cordova-plugin-amap/AMapFoundationKit.framework"; sourceTree = "<group>"; fileEncoding = undefined; lastKnownFileType = wrapper.framework; explicitFileType = undefined; includeInIndex = 0; };
		C4315B37580145308C280D26 /* MAMapKit.framework */ = {isa = PBXFileReference; name = "MAMapKit.framework"; path = "E园林/Plugins/cordova-plugin-amap/MAMapKit.framework"; sourceTree = "<group>"; fileEncoding = undefined; lastKnownFileType = wrapper.framework; explicitFileType = undefined; includeInIndex = 0; };
		5B97CC0AD87C482591C9FB3B /* UIKit.framework */ = {isa = PBXFileReference; name = "UIKit.framework"; path = "System/Library/Frameworks/UIKit.framework"; sourceTree = SDKROOT; fileEncoding = undefined; lastKnownFileType = wrapper.framework; explicitFileType = undefined; includeInIndex = 0; };
		1A87DDDFF36B4F458FD8031F /* Foundation.framework */ = {isa = PBXFileReference; name = "Foundation.framework"; path = "System/Library/Frameworks/Foundation.framework"; sourceTree = SDKROOT; fileEncoding = undefined; lastKnownFileType = wrapper.framework; explicitFileType = undefined; includeInIndex = 0; };
		9F99DCD8B2BA4E0EA4D75783 /* QuartzCore.framework */ = {isa = PBXFileReference; name = "QuartzCore.framework"; path = "System/Library/Frameworks/QuartzCore.framework"; sourceTree = SDKROOT; fileEncoding = undefined; lastKnownFileType = wrapper.framework; explicitFileType = undefined; includeInIndex = 0; };
		55D9682740374D8E9DDF1646 /* Security.framework */ = {isa = PBXFileReference; name = "Security.framework"; path = "System/Library/Frameworks/Security.framework"; sourceTree = SDKROOT; fileEncoding = undefined; lastKnownFileType = wrapper.framework; explicitFileType = undefined; includeInIndex = 0; };
		B149D3CA989E46BA806AD1B8 /* CoreTelephony.framework */ = {isa = PBXFileReference; name = "CoreTelephony.framework"; path = "System/Library/Frameworks/CoreTelephony.framework"; sourceTree = SDKROOT; fileEncoding = undefined; lastKnownFileType = wrapper.framework; explicitFileType = undefined; includeInIndex = 0; };
		A3FA6052C2E24D068CFC47C3 /* SystemConfiguration.framework */ = {isa = PBXFileReference; name = "SystemConfiguration.framework"; path = "System/Library/Frameworks/SystemConfiguration.framework"; sourceTree = SDKROOT; fileEncoding = undefined; lastKnownFileType = wrapper.framework; explicitFileType = undefined; includeInIndex = 0; };
		FA199B39D46E4AE8BCFAD5CE /* OpenGLES.framework */ = {isa = PBXFileReference; name = "OpenGLES.framework"; path = "System/Library/Frameworks/OpenGLES.framework"; sourceTree = SDKROOT; fileEncoding = undefined; lastKnownFileType = wrapper.framework; explicitFileType = undefined; includeInIndex = 0; };
		31F19571B71F48FEB34EC968 /* AdSupport.framework */ = {isa = PBXFileReference; name = "AdSupport.framework"; path = "System/Library/Frameworks/AdSupport.framework"; sourceTree = SDKROOT; fileEncoding = undefined; lastKnownFileType = wrapper.framework; explicitFileType = undefined; includeInIndex = 0; };
		D06BFBE1AB45465FBFD900AE /* JavaScriptCore.framework */ = {isa = PBXFileReference; name = "JavaScriptCore.framework"; path = "System/Library/Frameworks/JavaScriptCore.framework"; sourceTree = SDKROOT; fileEncoding = undefined; lastKnownFileType = wrapper.framework; explicitFileType = undefined; includeInIndex = 0; };
		5DC6E72AB24A428CBA17E2AF /* GLKit.framework */ = {isa = PBXFileReference; name = "GLKit.framework"; path = "System/Library/Frameworks/GLKit.framework"; sourceTree = SDKROOT; fileEncoding = undefined; lastKnownFileType = wrapper.framework; explicitFileType = undefined; includeInIndex = 0; };
		45DBCD7A5E9440F188E05F43 /* libstdc++.6.0.9.tbd */ = {isa = PBXFileReference; name = "libstdc++.6.0.9.tbd"; path = "usr/lib/libstdc++.6.0.9.tbd"; sourceTree = SDKROOT; fileEncoding = undefined; lastKnownFileType = sourcecode.text-based-dylib-definition; explicitFileType = undefined; includeInIndex = 0; };
		AE07A90CEB4D4CB6B83A2232 /* libc++.tbd */ = {isa = PBXFileReference; name = "libc++.tbd"; path = "usr/lib/libc++.tbd"; sourceTree = SDKROOT; fileEncoding = undefined; lastKnownFileType = sourcecode.text-based-dylib-definition; explicitFileType = undefined; includeInIndex = 0; };
		51F4DDC61AE84049BEF68DD8 /* libz.tbd */ = {isa = PBXFileReference; name = "libz.tbd"; path = "usr/lib/libz.tbd"; sourceTree = SDKROOT; fileEncoding = undefined; lastKnownFileType = sourcecode.text-based-dylib-definition; explicitFileType = undefined; includeInIndex = 0; };
/* End PBXFileReference section */

/* Begin PBXFrameworksBuildPhase section */
		1D60588F0D05DD3D006BFB54 /* Frameworks */ = {
			isa = PBXFrameworksBuildPhase;
			buildActionMask = 2147483647;
			files = (
				301BF552109A68D80062928A /* libCordova.a in Frameworks */,
				10AC0D93080342A4BB5639DA /* ImageIO.framework in Frameworks */,
				A109E641A01141FA8E9BCC79 /* CoreLocation.framework in Frameworks */,
				0FDBC0561D364FBA93480385 /* AVFoundation.framework in Frameworks */,
				52B34FC32080D68600282A65 /* PgySDK.framework in Frameworks */,
				52B34FC22080D68600282A65 /* PgyUpdate.framework in Frameworks */,
				993322469AAD42958F2DCBFC /* AMapLocationKit.framework in Frameworks */,
				FF5DE941F09041B9B0D05D4F /* AMapFoundationKit.framework in Frameworks */,
				B3A4CE4BBE604E62959D1356 /* MAMapKit.framework in Frameworks */,
				4CB9CC0D7F2941638E829C03 /* UIKit.framework in Frameworks */,
				E71B49D5E81949DDB2467368 /* Foundation.framework in Frameworks */,
				FA2743B357EB4967A4C4B2F1 /* QuartzCore.framework in Frameworks */,
				2784DFFADF03412C9754554E /* Security.framework in Frameworks */,
				1BFEC7A7115849BE82EB89DB /* CoreTelephony.framework in Frameworks */,
				BDB6B383B2B44B35836DC5B8 /* SystemConfiguration.framework in Frameworks */,
				49DB8EBB9F6E48248CEF7633 /* OpenGLES.framework in Frameworks */,
				25AB994E2B95414E9D1898CA /* AdSupport.framework in Frameworks */,
				28253E7CA43444929868E4F5 /* JavaScriptCore.framework in Frameworks */,
				29E6BB1E795A419981FFC09C /* GLKit.framework in Frameworks */,
				13E42F80BE814DC9B5624E31 /* libstdc++.6.0.9.tbd in Frameworks */,
				FB110E7CF06E4680B385187E /* libc++.tbd in Frameworks */,
				C122DF2BE4FC41D88D8B37C5 /* libz.tbd in Frameworks */,
			);
			runOnlyForDeploymentPostprocessing = 0;
		};
/* End PBXFrameworksBuildPhase section */

/* Begin PBXGroup section */
		080E96DDFE201D6D7F000001 /* Classes */ = {
			isa = PBXGroup;
			children = (
				302D95EE14D2391D003F00A1 /* MainViewController.h */,
				302D95EF14D2391D003F00A1 /* MainViewController.m */,
				302D95F014D2391D003F00A1 /* MainViewController.xib */,
				1D3623240D0F684500981E51 /* AppDelegate.h */,
				1D3623250D0F684500981E51 /* AppDelegate.m */,
			);
			name = Classes;
			path = "E园林/Classes";
			sourceTree = SOURCE_ROOT;
		};
		19C28FACFE9D520D11CA2CBB /* Products */ = {
			isa = PBXGroup;
			children = (
				1D6058910D05DD3D006BFB54 /* E园林.app */,
			);
			name = Products;
			sourceTree = "<group>";
		};
		29B97314FDCFA39411CA2CEA /* CustomTemplate */ = {
			isa = PBXGroup;
			children = (
				EB87FDF41871DAF40020F90C /* config.xml */,
				EB87FDF31871DA8E0020F90C /* www */,
				EB87FDF11871DA420020F90C /* Staging */,
				301BF52D109A57CC0062928A /* CordovaLib/CordovaLib.xcodeproj */,
				080E96DDFE201D6D7F000001 /* Classes */,
				307C750510C5A3420062BCA9 /* Plugins */,
				29B97315FDCFA39411CA2CEA /* Other Sources */,
				29B97317FDCFA39411CA2CEA /* Resources */,
				29B97323FDCFA39411CA2CEA /* Frameworks */,
				19C28FACFE9D520D11CA2CBB /* Products */,
			);
			name = CustomTemplate;
			sourceTree = "<group>";
		};
		29B97315FDCFA39411CA2CEA /* Other Sources */ = {
			isa = PBXGroup;
			children = (
				52B34FC12080D68600282A65 /* PgySDK.framework */,
				52B34FC02080D68400282A65 /* PgyUpdate.framework */,
				32CA4F630368D1EE00C91783 /* E园林-Prefix.pch */,
				29B97316FDCFA39411CA2CEA /* main.m */,
				ED33DF2A687741AEAF9F8254 /* Bridging-Header.h */,
			);
			name = "Other Sources";
			path = "E园林";
			sourceTree = "<group>";
		};
		29B97317FDCFA39411CA2CEA /* Resources */ = {
			isa = PBXGroup;
			children = (
				52B34FC42080D74900282A65 /* Images.xcassets */,
				3047A50E1AB8057F00498E2A /* config */,
				8D1107310486CEB800E47090 /* E园林-Info.plist */,
				6AFF5BF81D6E424B00AB3073 /* CDVLaunchScreen.storyboard */,
				2A6BFF5F0CD3454D8F0A7B94 /* AMap.bundle */,
			);
			name = Resources;
			path = "E园林/Resources";
			sourceTree = "<group>";
		};
		29B97323FDCFA39411CA2CEA /* Frameworks */ = {
			isa = PBXGroup;
			children = (
				001243EA766F4CD391EFC1DA /* ImageIO.framework */,
				8AF8D21880C14B6D861B0BA8 /* CoreLocation.framework */,
				D105150E9C124CF5A0D467B4 /* AVFoundation.framework */,
				271BB80025E440DE9F82530F /* AMapLocationKit.framework */,
				D81E103E472C4C4CA34FDD97 /* AMapFoundationKit.framework */,
				C4315B37580145308C280D26 /* MAMapKit.framework */,
				5B97CC0AD87C482591C9FB3B /* UIKit.framework */,
				1A87DDDFF36B4F458FD8031F /* Foundation.framework */,
				9F99DCD8B2BA4E0EA4D75783 /* QuartzCore.framework */,
				55D9682740374D8E9DDF1646 /* Security.framework */,
				B149D3CA989E46BA806AD1B8 /* CoreTelephony.framework */,
				A3FA6052C2E24D068CFC47C3 /* SystemConfiguration.framework */,
				FA199B39D46E4AE8BCFAD5CE /* OpenGLES.framework */,
				31F19571B71F48FEB34EC968 /* AdSupport.framework */,
				D06BFBE1AB45465FBFD900AE /* JavaScriptCore.framework */,
				5DC6E72AB24A428CBA17E2AF /* GLKit.framework */,
				45DBCD7A5E9440F188E05F43 /* libstdc++.6.0.9.tbd */,
				AE07A90CEB4D4CB6B83A2232 /* libc++.tbd */,
				51F4DDC61AE84049BEF68DD8 /* libz.tbd */,
			);
			name = Frameworks;
			sourceTree = "<group>";
		};
		301BF52E109A57CC0062928A /* Products */ = {
			isa = PBXGroup;
			children = (
				301BF535109A57CC0062928A /* libCordova.a */,
				52B34FBF2080D65A00282A65 /* Cordova.framework */,
			);
			name = Products;
			sourceTree = "<group>";
		};
		3047A50E1AB8057F00498E2A /* config */ = {
			isa = PBXGroup;
			children = (
				3047A50F1AB8059700498E2A /* build-debug.xcconfig */,
				3047A5101AB8059700498E2A /* build-release.xcconfig */,
				3047A5111AB8059700498E2A /* build.xcconfig */,
			);
			name = config;
			sourceTree = "<group>";
		};
		307C750510C5A3420062BCA9 /* Plugins */ = {
			isa = PBXGroup;
			children = (
				3139C8FA5B0B4BD4A5917784 /* UIImage+CropScaleOrientation.m */,
				9046FBAFDCCA469FB89FB008 /* CDVCamera.m */,
				BEE6874E06EF4E769875CFE7 /* CDVJpegHeaderWriter.m */,
				1BDA789248CD4883855588E0 /* UIImage+CropScaleOrientation.h */,
				07DA50D9AF904A05A9D05C0E /* CDVCamera.h */,
				C516D69295054E7D94A3A179 /* CDVJpegHeaderWriter.h */,
				DC422CDE08E24B1283858FA8 /* CDVExif.h */,
				304744ABE4DD43C39601376F /* QRScanner.swift */,
				5876B53E5FA847B781B8BE5A /* CDVSplashScreen.m */,
				F55076FC481C4B849CF4E94D /* CDVViewController+SplashScreen.m */,
				D3622F1B8983446A9472528E /* CDVSplashScreen.h */,
				59BD9137AD1347CF9FC09A81 /* CDVViewController+SplashScreen.h */,
				9218E4CD57CD42119F4A102A /* CDVAMap4Yxt.m */,
				65AB36013F1B468CBAF7EC86 /* MAMutablePolylineRenderer.m */,
				E55E9679075247849FA0CF8F /* MAMutablePolyline.m */,
				7BB5D635DA6E48B89851C438 /* SBGMapHeaderView.m */,
				9D72DB96BF4B48CB8A16D7AF /* CDVAMap4Yxt.h */,
				3BBCE8C1E18548A6934A3A54 /* MAMutablePolylineRenderer.h */,
				FF21EB3050784B1EAF7EF688 /* MAMutablePolyline.h */,
				DE93CA509E21416DACC483D7 /* SBGMapHeaderView.h */,
			);
			name = Plugins;
			path = "E园林/Plugins";
			sourceTree = SOURCE_ROOT;
		};
		EB87FDF11871DA420020F90C /* Staging */ = {
			isa = PBXGroup;
			children = (
				F840E1F0165FE0F500CFE078 /* config.xml */,
				301BF56E109A69640062928A /* www */,
			);
			name = Staging;
			sourceTree = "<group>";
		};
/* End PBXGroup section */

/* Begin PBXNativeTarget section */
		1D6058900D05DD3D006BFB54 /* E园林 */ = {
			isa = PBXNativeTarget;
			buildConfigurationList = 1D6058960D05DD3E006BFB54 /* Build configuration list for PBXNativeTarget "E园林" */;
			buildPhases = (
				304B58A110DAC018002A0835 /* Copy www directory */,
				1D60588D0D05DD3D006BFB54 /* Resources */,
				1D60588E0D05DD3D006BFB54 /* Sources */,
				1D60588F0D05DD3D006BFB54 /* Frameworks */,
			);
			buildRules = (
			);
			dependencies = (
				301BF551109A68C00062928A /* PBXTargetDependency */,
			);
			name = "E园林";
			productName = "E园林";
			productReference = 1D6058910D05DD3D006BFB54 /* E园林.app */;
			productType = "com.apple.product-type.application";
		};
/* End PBXNativeTarget section */

/* Begin PBXProject section */
		29B97313FDCFA39411CA2CEA /* Project object */ = {
			isa = PBXProject;
			attributes = {
				LastUpgradeCheck = 510;
				TargetAttributes = {
					1D6058900D05DD3D006BFB54 = {
						DevelopmentTeam = 8MV9D4HDTG;
						ProvisioningStyle = Manual;
					};
				};
			};
			buildConfigurationList = C01FCF4E08A954540054247B /* Build configuration list for PBXProject "E园林" */;
			compatibilityVersion = "Xcode 3.2";
			developmentRegion = English;
			hasScannedForEncodings = 1;
			knownRegions = (
				en,
			);
			mainGroup = 29B97314FDCFA39411CA2CEA /* CustomTemplate */;
			projectDirPath = "";
			projectReferences = (
				{
					ProductGroup = 301BF52E109A57CC0062928A /* Products */;
					ProjectRef = 301BF52D109A57CC0062928A /* CordovaLib/CordovaLib.xcodeproj */;
				},
			);
			projectRoot = "";
			targets = (
				1D6058900D05DD3D006BFB54 /* E园林 */,
			);
		};
/* End PBXProject section */

/* Begin PBXReferenceProxy section */
		301BF535109A57CC0062928A /* libCordova.a */ = {
			isa = PBXReferenceProxy;
			fileType = archive.ar;
			path = libCordova.a;
			remoteRef = 301BF534109A57CC0062928A /* PBXContainerItemProxy */;
			sourceTree = BUILT_PRODUCTS_DIR;
		};
		52B34FBF2080D65A00282A65 /* Cordova.framework */ = {
			isa = PBXReferenceProxy;
			fileType = wrapper.framework;
			path = Cordova.framework;
			remoteRef = 52B34FBE2080D65A00282A65 /* PBXContainerItemProxy */;
			sourceTree = BUILT_PRODUCTS_DIR;
		};
/* End PBXReferenceProxy section */

/* Begin PBXResourcesBuildPhase section */
		1D60588D0D05DD3D006BFB54 /* Resources */ = {
			isa = PBXResourcesBuildPhase;
			buildActionMask = 2147483647;
			files = (
				52B34FC52080D74900282A65 /* Images.xcassets in Resources */,
				302D95F214D2391D003F00A1 /* MainViewController.xib in Resources */,
				6AFF5BF91D6E424B00AB3073 /* CDVLaunchScreen.storyboard in Resources */,
				A8FF67D2E9C942EFBA12A200 /* AMap.bundle in Resources */,
			);
			runOnlyForDeploymentPostprocessing = 0;
		};
/* End PBXResourcesBuildPhase section */

/* Begin PBXShellScriptBuildPhase section */
		304B58A110DAC018002A0835 /* Copy www directory */ = {
			isa = PBXShellScriptBuildPhase;
			buildActionMask = 2147483647;
			files = (
			);
			inputPaths = (
			);
			name = "Copy www directory";
			outputPaths = (
			);
			runOnlyForDeploymentPostprocessing = 0;
			shellPath = /bin/sh;
			shellScript = "NODEJS_PATH=/usr/local/bin; NVM_NODE_PATH=~/.nvm/versions/node/`nvm version 2>/dev/null`/bin; N_NODE_PATH=`find /usr/local/n/versions/node/* -maxdepth 0 -type d 2>/dev/null | tail -1`/bin; XCODE_NODE_PATH=`xcode-select --print-path`/usr/share/xcs/Node/bin; PATH=$NODEJS_PATH:$NVM_NODE_PATH:$N_NODE_PATH:$XCODE_NODE_PATH:$PATH && node cordova/lib/copy-www-build-step.js";
			showEnvVarsInLog = 0;
		};
/* End PBXShellScriptBuildPhase section */

/* Begin PBXSourcesBuildPhase section */
		1D60588E0D05DD3D006BFB54 /* Sources */ = {
			isa = PBXSourcesBuildPhase;
			buildActionMask = 2147483647;
			files = (
				1D60589B0D05DD56006BFB54 /* main.m in Sources */,
				1D3623260D0F684500981E51 /* AppDelegate.m in Sources */,
				302D95F114D2391D003F00A1 /* MainViewController.m in Sources */,
				1BAB009FDB964516BA632A8A /* UIImage+CropScaleOrientation.m in Sources */,
				37A27830023D420D8451643F /* CDVCamera.m in Sources */,
				1B839025CE664C198F4EAE0A /* CDVJpegHeaderWriter.m in Sources */,
				DFDC585FCB204C0190E71400 /* QRScanner.swift in Sources */,
				7A09D8C38DF24A18979DB64E /* CDVSplashScreen.m in Sources */,
				98FA497793DF46ABA663C899 /* CDVViewController+SplashScreen.m in Sources */,
				69068ADD166C4453BDFF75F2 /* CDVAMap4Yxt.m in Sources */,
				5F381E8A1661456A8CA73539 /* MAMutablePolylineRenderer.m in Sources */,
				7B446CA253F94E6AAD1B19D8 /* MAMutablePolyline.m in Sources */,
				54214000A55A4C26AAF7A878 /* SBGMapHeaderView.m in Sources */,
			);
			runOnlyForDeploymentPostprocessing = 0;
		};
/* End PBXSourcesBuildPhase section */

/* Begin PBXTargetDependency section */
		301BF551109A68C00062928A /* PBXTargetDependency */ = {
			isa = PBXTargetDependency;
			name = CordovaLib;
			targetProxy = 301BF550109A68C00062928A /* PBXContainerItemProxy */;
		};
/* End PBXTargetDependency section */

/* Begin XCBuildConfiguration section */
		1D6058940D05DD3E006BFB54 /* Debug */ = {
			isa = XCBuildConfiguration;
			baseConfigurationReference = 3047A50F1AB8059700498E2A /* build-debug.xcconfig */;
			buildSettings = {
				ALWAYS_EMBED_SWIFT_STANDARD_LIBRARIES = YES;
				ALWAYS_SEARCH_USER_PATHS = NO;
				ASSETCATALOG_COMPILER_APPICON_NAME = AppIcon;
				ASSETCATALOG_COMPILER_LAUNCHIMAGE_NAME = LaunchImage;
				CLANG_ENABLE_MODULES = YES;
				CLANG_ENABLE_OBJC_ARC = YES;
				CODE_SIGN_STYLE = Manual;
				COPY_PHASE_STRIP = NO;
				DEVELOPMENT_TEAM = 8MV9D4HDTG;
				FRAMEWORK_SEARCH_PATHS = (
					"$(inherited)",
					"$(PROJECT_DIR)/E园林",
					"\"E园林/Plugins/cordova-location-amap\"",
					"\"E园林/Plugins/cordova-location-amap\"",
					"\"E园林/Plugins/cordova-plugin-amap\"",
					"\"E园林/Plugins/cordova-plugin-amap\"",
					"\"E园林/Plugins/cordova-plugin-amap\"",
				);
				GCC_DYNAMIC_NO_PIC = NO;
				GCC_OPTIMIZATION_LEVEL = 0;
				GCC_PRECOMPILE_PREFIX_HEADER = YES;
				GCC_PREFIX_HEADER = "E园林/E园林-Prefix.pch";
				GCC_THUMB_SUPPORT = NO;
				GCC_VERSION = "";
				INFOPLIST_FILE = "E园林/E园林-Info.plist";
				IPHONEOS_DEPLOYMENT_TARGET = 9.0;
				LD_RUNPATH_SEARCH_PATHS = "@executable_path/Frameworks";
				PRODUCT_BUNDLE_IDENTIFIER = com.eyuanlin.dev.app;
				PRODUCT_NAME = "E园林";
				PROVISIONING_PROFILE = "5596b6c4-3a44-48f9-a978-3cf633bc4688";
				PROVISIONING_PROFILE_SPECIFIER = eyuanlinD_Dev;
				SWIFT_OBJC_BRIDGING_HEADER = "$(PROJECT_DIR)/$(PROJECT_NAME)/Bridging-Header.h";
				SWIFT_OPTIMIZATION_LEVEL = "-Onone";
				SWIFT_VERSION = 3.0;
				TARGETED_DEVICE_FAMILY = "1,2";
			};
			name = Debug;
		};
		1D6058950D05DD3E006BFB54 /* Release */ = {
			isa = XCBuildConfiguration;
			baseConfigurationReference = 3047A5101AB8059700498E2A /* build-release.xcconfig */;
			buildSettings = {
				ALWAYS_EMBED_SWIFT_STANDARD_LIBRARIES = YES;
				ALWAYS_SEARCH_USER_PATHS = NO;
				ASSETCATALOG_COMPILER_APPICON_NAME = AppIcon;
				ASSETCATALOG_COMPILER_LAUNCHIMAGE_NAME = LaunchImage;
				CLANG_ENABLE_MODULES = YES;
				CLANG_ENABLE_OBJC_ARC = YES;
				CODE_SIGN_STYLE = Manual;
				COPY_PHASE_STRIP = YES;
				DEVELOPMENT_TEAM = 8MV9D4HDTG;
				FRAMEWORK_SEARCH_PATHS = (
					"$(inherited)",
					"$(PROJECT_DIR)/E园林",
					"\"E园林/Plugins/cordova-location-amap\"",
					"\"E园林/Plugins/cordova-location-amap\"",
					"\"E园林/Plugins/cordova-plugin-amap\"",
					"\"E园林/Plugins/cordova-plugin-amap\"",
					"\"E园林/Plugins/cordova-plugin-amap\"",
				);
				GCC_PRECOMPILE_PREFIX_HEADER = YES;
				GCC_PREFIX_HEADER = "E园林/E园林-Prefix.pch";
				GCC_THUMB_SUPPORT = NO;
				GCC_VERSION = "";
				INFOPLIST_FILE = "E园林/E园林-Info.plist";
				IPHONEOS_DEPLOYMENT_TARGET = 9.0;
				LD_RUNPATH_SEARCH_PATHS = "@executable_path/Frameworks";
				PRODUCT_BUNDLE_IDENTIFIER = com.eyuanlin.dev.app;
				PRODUCT_NAME = "E园林";
				PROVISIONING_PROFILE = "4f4da620-c485-43f9-b723-3cd2c8ecd748";
				PROVISIONING_PROFILE_SPECIFIER = eyuanlinD_pro;
				SWIFT_OBJC_BRIDGING_HEADER = "$(PROJECT_DIR)/$(PROJECT_NAME)/Bridging-Header.h";
				SWIFT_VERSION = 3.0;
				TARGETED_DEVICE_FAMILY = "1,2";
			};
			name = Release;
		};
		C01FCF4F08A954540054247B /* Debug */ = {
			isa = XCBuildConfiguration;
			baseConfigurationReference = 3047A5111AB8059700498E2A /* build.xcconfig */;
			buildSettings = {
				ALWAYS_EMBED_SWIFT_STANDARD_LIBRARIES = YES;
				CLANG_ENABLE_MODULES = YES;
				CLANG_ENABLE_OBJC_ARC = YES;
				CLANG_WARN_BOOL_CONVERSION = YES;
				CLANG_WARN_CONSTANT_CONVERSION = YES;
				CLANG_WARN_EMPTY_BODY = YES;
				CLANG_WARN_ENUM_CONVERSION = YES;
				CLANG_WARN_INT_CONVERSION = YES;
				CLANG_WARN__DUPLICATE_METHOD_MATCH = YES;
				GCC_C_LANGUAGE_STANDARD = c99;
				GCC_THUMB_SUPPORT = NO;
				GCC_VERSION = "";
				GCC_WARN_ABOUT_RETURN_TYPE = YES;
				GCC_WARN_UNDECLARED_SELECTOR = YES;
				GCC_WARN_UNINITIALIZED_AUTOS = YES;
				GCC_WARN_UNUSED_FUNCTION = YES;
				GCC_WARN_UNUSED_VARIABLE = YES;
				ONLY_ACTIVE_ARCH = YES;
				SDKROOT = iphoneos;
				SKIP_INSTALL = NO;
				SWIFT_OBJC_BRIDGING_HEADER = "$(PROJECT_DIR)/$(PROJECT_NAME)/Bridging-Header.h";
				SWIFT_OPTIMIZATION_LEVEL = "-Onone";
				SWIFT_VERSION = 3.0;
			};
			name = Debug;
		};
		C01FCF5008A954540054247B /* Release */ = {
			isa = XCBuildConfiguration;
			baseConfigurationReference = 3047A5111AB8059700498E2A /* build.xcconfig */;
			buildSettings = {
				ALWAYS_EMBED_SWIFT_STANDARD_LIBRARIES = YES;
				CLANG_ENABLE_MODULES = YES;
				CLANG_ENABLE_OBJC_ARC = YES;
				CLANG_WARN_BOOL_CONVERSION = YES;
				CLANG_WARN_CONSTANT_CONVERSION = YES;
				CLANG_WARN_EMPTY_BODY = YES;
				CLANG_WARN_ENUM_CONVERSION = YES;
				CLANG_WARN_INT_CONVERSION = YES;
				CLANG_WARN__DUPLICATE_METHOD_MATCH = YES;
				GCC_C_LANGUAGE_STANDARD = c99;
				GCC_THUMB_SUPPORT = NO;
				GCC_VERSION = "";
				GCC_WARN_ABOUT_RETURN_TYPE = YES;
				GCC_WARN_UNDECLARED_SELECTOR = YES;
				GCC_WARN_UNINITIALIZED_AUTOS = YES;
				GCC_WARN_UNUSED_FUNCTION = YES;
				GCC_WARN_UNUSED_VARIABLE = YES;
				SDKROOT = iphoneos;
				SKIP_INSTALL = NO;
				SWIFT_OBJC_BRIDGING_HEADER = "$(PROJECT_DIR)/$(PROJECT_NAME)/Bridging-Header.h";
				SWIFT_VERSION = 3.0;
			};
			name = Release;
		};
/* End XCBuildConfiguration section */

/* Begin XCConfigurationList section */
		1D6058960D05DD3E006BFB54 /* Build configuration list for PBXNativeTarget "E园林" */ = {
			isa = XCConfigurationList;
			buildConfigurations = (
				1D6058940D05DD3E006BFB54 /* Debug */,
				1D6058950D05DD3E006BFB54 /* Release */,
			);
			defaultConfigurationIsVisible = 0;
			defaultConfigurationName = Release;
		};
		C01FCF4E08A954540054247B /* Build configuration list for PBXProject "E园林" */ = {
			isa = XCConfigurationList;
			buildConfigurations = (
				C01FCF4F08A954540054247B /* Debug */,
				C01FCF5008A954540054247B /* Release */,
			);
			defaultConfigurationIsVisible = 0;
			defaultConfigurationName = Release;
		};
/* End XCConfigurationList section */
	};
	rootObject = 29B97313FDCFA39411CA2CEA /* Project object */;
}
